// !$*UTF8*$!
{
	archiveVersion = 1;
	classes = {
	};
	objectVersion = 50;
	objects = {

/* Begin PBXBuildFile section */
		6A23816926DC29AD0034760D /* AppDelegate.swift in Sources */ = {isa = PBXBuildFile; fileRef = 6A23816826DC29AD0034760D /* AppDelegate.swift */; };
		6A23816B26DC29AD0034760D /* SceneDelegate.swift in Sources */ = {isa = PBXBuildFile; fileRef = 6A23816A26DC29AD0034760D /* SceneDelegate.swift */; };
		6A23816D26DC29AD0034760D /* TrackDetailsViewController.swift in Sources */ = {isa = PBXBuildFile; fileRef = 6A23816C26DC29AD0034760D /* TrackDetailsViewController.swift */; };
		6A23817026DC29AD0034760D /* Main.storyboard in Resources */ = {isa = PBXBuildFile; fileRef = 6A23816E26DC29AD0034760D /* Main.storyboard */; };
		6A23817226DC29AE0034760D /* Assets.xcassets in Resources */ = {isa = PBXBuildFile; fileRef = 6A23817126DC29AE0034760D /* Assets.xcassets */; };
		6A23817526DC29AE0034760D /* LaunchScreen.storyboard in Resources */ = {isa = PBXBuildFile; fileRef = 6A23817326DC29AE0034760D /* LaunchScreen.storyboard */; };
		6A6A7E6126EE4E3200D0F449 /* TrackTableViewController.swift in Sources */ = {isa = PBXBuildFile; fileRef = 6AC56B4D26ED025A00D5ABE9 /* TrackTableViewController.swift */; };
		6A7EB2EE26DD5B9A001E0789 /* Track.swift in Sources */ = {isa = PBXBuildFile; fileRef = 6A7EB2ED26DD5B9A001E0789 /* Track.swift */; };
		6A7EB2F126DD5D52001E0789 /* TrackDetailsViewModelProtocol.swift in Sources */ = {isa = PBXBuildFile; fileRef = 6A7EB2F026DD5D52001E0789 /* TrackDetailsViewModelProtocol.swift */; };
		6A7EB2F826DD6534001E0789 /* DataManager.swift in Sources */ = {isa = PBXBuildFile; fileRef = 6A7EB2F726DD6534001E0789 /* DataManager.swift */; };
		6AC56B4926ED015B00D5ABE9 /* TrackListViewModel.swift in Sources */ = {isa = PBXBuildFile; fileRef = 6AC56B4826ED015B00D5ABE9 /* TrackListViewModel.swift */; };
		6AC56B5026ED028C00D5ABE9 /* TrackTableViewCell.swift in Sources */ = {isa = PBXBuildFile; fileRef = 6AC56B4F26ED028C00D5ABE9 /* TrackTableViewCell.swift */; };
		6AC56B5226ED029F00D5ABE9 /* TrackCellViewModel.swift in Sources */ = {isa = PBXBuildFile; fileRef = 6AC56B5126ED029F00D5ABE9 /* TrackCellViewModel.swift */; };
/* End PBXBuildFile section */

/* Begin PBXFileReference section */
		6A23816526DC29AD0034760D /* TrackListSongs.app */ = {isa = PBXFileReference; explicitFileType = wrapper.application; includeInIndex = 0; path = TrackListSongs.app; sourceTree = BUILT_PRODUCTS_DIR; };
		6A23816826DC29AD0034760D /* AppDelegate.swift */ = {isa = PBXFileReference; lastKnownFileType = sourcecode.swift; path = AppDelegate.swift; sourceTree = "<group>"; };
		6A23816A26DC29AD0034760D /* SceneDelegate.swift */ = {isa = PBXFileReference; lastKnownFileType = sourcecode.swift; path = SceneDelegate.swift; sourceTree = "<group>"; };
		6A23816C26DC29AD0034760D /* TrackDetailsViewController.swift */ = {isa = PBXFileReference; lastKnownFileType = sourcecode.swift; path = TrackDetailsViewController.swift; sourceTree = "<group>"; };
		6A23816F26DC29AD0034760D /* Base */ = {isa = PBXFileReference; lastKnownFileType = file.storyboard; name = Base; path = Base.lproj/Main.storyboard; sourceTree = "<group>"; };
		6A23817126DC29AE0034760D /* Assets.xcassets */ = {isa = PBXFileReference; lastKnownFileType = folder.assetcatalog; path = Assets.xcassets; sourceTree = "<group>"; };
		6A23817426DC29AE0034760D /* Base */ = {isa = PBXFileReference; lastKnownFileType = file.storyboard; name = Base; path = Base.lproj/LaunchScreen.storyboard; sourceTree = "<group>"; };
		6A23817626DC29AE0034760D /* Info.plist */ = {isa = PBXFileReference; lastKnownFileType = text.plist.xml; path = Info.plist; sourceTree = "<group>"; };
		6A7EB2ED26DD5B9A001E0789 /* Track.swift */ = {isa = PBXFileReference; lastKnownFileType = sourcecode.swift; path = Track.swift; sourceTree = "<group>"; };
		6A7EB2F026DD5D52001E0789 /* TrackDetailsViewModelProtocol.swift */ = {isa = PBXFileReference; lastKnownFileType = sourcecode.swift; path = TrackDetailsViewModelProtocol.swift; sourceTree = "<group>"; };
		6A7EB2F726DD6534001E0789 /* DataManager.swift */ = {isa = PBXFileReference; lastKnownFileType = sourcecode.swift; path = DataManager.swift; sourceTree = "<group>"; };
		6AC56B4826ED015B00D5ABE9 /* TrackListViewModel.swift */ = {isa = PBXFileReference; lastKnownFileType = sourcecode.swift; path = TrackListViewModel.swift; sourceTree = "<group>"; };
		6AC56B4D26ED025A00D5ABE9 /* TrackTableViewController.swift */ = {isa = PBXFileReference; lastKnownFileType = sourcecode.swift; path = TrackTableViewController.swift; sourceTree = "<group>"; };
		6AC56B4F26ED028C00D5ABE9 /* TrackTableViewCell.swift */ = {isa = PBXFileReference; lastKnownFileType = sourcecode.swift; path = TrackTableViewCell.swift; sourceTree = "<group>"; };
		6AC56B5126ED029F00D5ABE9 /* TrackCellViewModel.swift */ = {isa = PBXFileReference; lastKnownFileType = sourcecode.swift; path = TrackCellViewModel.swift; sourceTree = "<group>"; };
/* End PBXFileReference section */

/* Begin PBXFrameworksBuildPhase section */
		6A23816226DC29AD0034760D /* Frameworks */ = {
			isa = PBXFrameworksBuildPhase;
			buildActionMask = 2147483647;
			files = (
			);
			runOnlyForDeploymentPostprocessing = 0;
		};
/* End PBXFrameworksBuildPhase section */

/* Begin PBXGroup section */
		6A23815C26DC29AD0034760D = {
			isa = PBXGroup;
			children = (
				6A23816726DC29AD0034760D /* TrackListSongs */,
				6A23816626DC29AD0034760D /* Products */,
			);
			sourceTree = "<group>";
		};
		6A23816626DC29AD0034760D /* Products */ = {
			isa = PBXGroup;
			children = (
				6A23816526DC29AD0034760D /* TrackListSongs.app */,
			);
			name = Products;
			sourceTree = "<group>";
		};
		6A23816726DC29AD0034760D /* TrackListSongs */ = {
			isa = PBXGroup;
			children = (
				6AC56B4526ED00EF00D5ABE9 /* TrackList */,
				6A7EB2EF26DD5D05001E0789 /* TrackDetails */,
				6A7EB2EC26DD5B88001E0789 /* Models */,
				6A7EB2F626DD650F001E0789 /* Services */,
				6A7EB2F426DD5DCC001E0789 /* Storyboards */,
				6A7EB2F326DD5D9A001E0789 /* SupportingFiles */,
				6A7EB2F526DD5DE1001E0789 /* Sourse */,
				6A23817626DC29AE0034760D /* Info.plist */,
			);
			path = TrackListSongs;
			sourceTree = "<group>";
		};
		6A7EB2EC26DD5B88001E0789 /* Models */ = {
			isa = PBXGroup;
			children = (
				6A7EB2ED26DD5B9A001E0789 /* Track.swift */,
			);
			path = Models;
			sourceTree = "<group>";
		};
		6A7EB2EF26DD5D05001E0789 /* TrackDetails */ = {
			isa = PBXGroup;
			children = (
				6A23816C26DC29AD0034760D /* TrackDetailsViewController.swift */,
				6A7EB2F026DD5D52001E0789 /* TrackDetailsViewModelProtocol.swift */,
			);
			path = TrackDetails;
			sourceTree = "<group>";
		};
		6A7EB2F326DD5D9A001E0789 /* SupportingFiles */ = {
			isa = PBXGroup;
			children = (
				6A23816826DC29AD0034760D /* AppDelegate.swift */,
				6A23816A26DC29AD0034760D /* SceneDelegate.swift */,
			);
			path = SupportingFiles;
			sourceTree = "<group>";
		};
		6A7EB2F426DD5DCC001E0789 /* Storyboards */ = {
			isa = PBXGroup;
			children = (
				6A23816E26DC29AD0034760D /* Main.storyboard */,
				6A23817326DC29AE0034760D /* LaunchScreen.storyboard */,
			);
			path = Storyboards;
			sourceTree = "<group>";
		};
		6A7EB2F526DD5DE1001E0789 /* Sourse */ = {
			isa = PBXGroup;
			children = (
				6A23817126DC29AE0034760D /* Assets.xcassets */,
			);
			path = Sourse;
			sourceTree = "<group>";
		};
		6A7EB2F626DD650F001E0789 /* Services */ = {
			isa = PBXGroup;
			children = (
				6A7EB2F726DD6534001E0789 /* DataManager.swift */,
			);
			path = Services;
			sourceTree = "<group>";
		};
		6AC56B4526ED00EF00D5ABE9 /* TrackList */ = {
			isa = PBXGroup;
			children = (
				6AC56B4A26ED016B00D5ABE9 /* TrackCell */,
				6AC56B4D26ED025A00D5ABE9 /* TrackTableViewController.swift */,
				6AC56B4826ED015B00D5ABE9 /* TrackListViewModel.swift */,
			);
			path = TrackList;
			sourceTree = "<group>";
		};
		6AC56B4A26ED016B00D5ABE9 /* TrackCell */ = {
			isa = PBXGroup;
			children = (
				6AC56B4F26ED028C00D5ABE9 /* TrackTableViewCell.swift */,
				6AC56B5126ED029F00D5ABE9 /* TrackCellViewModel.swift */,
			);
			path = TrackCell;
			sourceTree = "<group>";
		};
/* End PBXGroup section */

/* Begin PBXNativeTarget section */
		6A23816426DC29AD0034760D /* TrackListSongs */ = {
			isa = PBXNativeTarget;
			buildConfigurationList = 6A23817926DC29AE0034760D /* Build configuration list for PBXNativeTarget "TrackListSongs" */;
			buildPhases = (
				6A23816126DC29AD0034760D /* Sources */,
				6A23816226DC29AD0034760D /* Frameworks */,
				6A23816326DC29AD0034760D /* Resources */,
			);
			buildRules = (
			);
			dependencies = (
			);
			name = TrackListSongs;
			productName = TrackListSongs;
			productReference = 6A23816526DC29AD0034760D /* TrackListSongs.app */;
			productType = "com.apple.product-type.application";
		};
/* End PBXNativeTarget section */

/* Begin PBXProject section */
		6A23815D26DC29AD0034760D /* Project object */ = {
			isa = PBXProject;
			attributes = {
				LastSwiftUpdateCheck = 1250;
				LastUpgradeCheck = 1250;
				TargetAttributes = {
					6A23816426DC29AD0034760D = {
						CreatedOnToolsVersion = 12.5.1;
					};
				};
			};
			buildConfigurationList = 6A23816026DC29AD0034760D /* Build configuration list for PBXProject "TrackListSongs" */;
			compatibilityVersion = "Xcode 9.3";
			developmentRegion = en;
			hasScannedForEncodings = 0;
			knownRegions = (
				en,
				Base,
			);
			mainGroup = 6A23815C26DC29AD0034760D;
			productRefGroup = 6A23816626DC29AD0034760D /* Products */;
			projectDirPath = "";
			projectRoot = "";
			targets = (
				6A23816426DC29AD0034760D /* TrackListSongs */,
			);
		};
/* End PBXProject section */

/* Begin PBXResourcesBuildPhase section */
		6A23816326DC29AD0034760D /* Resources */ = {
			isa = PBXResourcesBuildPhase;
			buildActionMask = 2147483647;
			files = (
				6A23817526DC29AE0034760D /* LaunchScreen.storyboard in Resources */,
				6A23817226DC29AE0034760D /* Assets.xcassets in Resources */,
				6A23817026DC29AD0034760D /* Main.storyboard in Resources */,
			);
			runOnlyForDeploymentPostprocessing = 0;
		};
/* End PBXResourcesBuildPhase section */

/* Begin PBXSourcesBuildPhase section */
		6A23816126DC29AD0034760D /* Sources */ = {
			isa = PBXSourcesBuildPhase;
			buildActionMask = 2147483647;
			files = (
				6AC56B4926ED015B00D5ABE9 /* TrackListViewModel.swift in Sources */,
				6A7EB2F126DD5D52001E0789 /* TrackDetailsViewModelProtocol.swift in Sources */,
				6A7EB2F826DD6534001E0789 /* DataManager.swift in Sources */,
				6A23816D26DC29AD0034760D /* TrackDetailsViewController.swift in Sources */,
				6A23816926DC29AD0034760D /* AppDelegate.swift in Sources */,
				6AC56B5026ED028C00D5ABE9 /* TrackTableViewCell.swift in Sources */,
				6A23816B26DC29AD0034760D /* SceneDelegate.swift in Sources */,
				6A6A7E6126EE4E3200D0F449 /* TrackTableViewController.swift in Sources */,
				6AC56B5226ED029F00D5ABE9 /* TrackCellViewModel.swift in Sources */,
				6A7EB2EE26DD5B9A001E0789 /* Track.swift in Sources */,
			);
			runOnlyForDeploymentPostprocessing = 0;
		};
/* End PBXSourcesBuildPhase section */

/* Begin PBXVariantGroup section */
		6A23816E26DC29AD0034760D /* Main.storyboard */ = {
			isa = PBXVariantGroup;
			children = (
				6A23816F26DC29AD0034760D /* Base */,
			);
			name = Main.storyboard;
			sourceTree = "<group>";
		};
		6A23817326DC29AE0034760D /* LaunchScreen.storyboard */ = {
			isa = PBXVariantGroup;
			children = (
				6A23817426DC29AE0034760D /* Base */,
			);
			name = LaunchScreen.storyboard;
			sourceTree = "<group>";
		};
/* End PBXVariantGroup section */

/* Begin XCBuildConfiguration section */
		6A23817726DC29AE0034760D /* Debug */ = {
			isa = XCBuildConfiguration;
			buildSettings = {
				ALWAYS_SEARCH_USER_PATHS = NO;
				CLANG_ANALYZER_NONNULL = YES;
				CLANG_ANALYZER_NUMBER_OBJECT_CONVERSION = YES_AGGRESSIVE;
				CLANG_CXX_LANGUAGE_STANDARD = "gnu++14";
				CLANG_CXX_LIBRARY = "libc++";
				CLANG_ENABLE_MODULES = YES;
				CLANG_ENABLE_OBJC_ARC = YES;
				CLANG_ENABLE_OBJC_WEAK = YES;
				CLANG_WARN_BLOCK_CAPTURE_AUTORELEASING = YES;
				CLANG_WARN_BOOL_CONVERSION = YES;
				CLANG_WARN_COMMA = YES;
				CLANG_WARN_CONSTANT_CONVERSION = YES;
				CLANG_WARN_DEPRECATED_OBJC_IMPLEMENTATIONS = YES;
				CLANG_WARN_DIRECT_OBJC_ISA_USAGE = YES_ERROR;
				CLANG_WARN_DOCUMENTATION_COMMENTS = YES;
				CLANG_WARN_EMPTY_BODY = YES;
				CLANG_WARN_ENUM_CONVERSION = YES;
				CLANG_WARN_INFINITE_RECURSION = YES;
				CLANG_WARN_INT_CONVERSION = YES;
				CLANG_WARN_NON_LITERAL_NULL_CONVERSION = YES;
				CLANG_WARN_OBJC_IMPLICIT_RETAIN_SELF = YES;
				CLANG_WARN_OBJC_LITERAL_CONVERSION = YES;
				CLANG_WARN_OBJC_ROOT_CLASS = YES_ERROR;
				CLANG_WARN_QUOTED_INCLUDE_IN_FRAMEWORK_HEADER = YES;
				CLANG_WARN_RANGE_LOOP_ANALYSIS = YES;
				CLANG_WARN_STRICT_PROTOTYPES = YES;
				CLANG_WARN_SUSPICIOUS_MOVE = YES;
				CLANG_WARN_UNGUARDED_AVAILABILITY = YES_AGGRESSIVE;
				CLANG_WARN_UNREACHABLE_CODE = YES;
				CLANG_WARN__DUPLICATE_METHOD_MATCH = YES;
				COPY_PHASE_STRIP = NO;
				DEBUG_INFORMATION_FORMAT = dwarf;
				ENABLE_STRICT_OBJC_MSGSEND = YES;
				ENABLE_TESTABILITY = YES;
				GCC_C_LANGUAGE_STANDARD = gnu11;
				GCC_DYNAMIC_NO_PIC = NO;
				GCC_NO_COMMON_BLOCKS = YES;
				GCC_OPTIMIZATION_LEVEL = 0;
				GCC_PREPROCESSOR_DEFINITIONS = (
					"DEBUG=1",
					"$(inherited)",
				);
				GCC_WARN_64_TO_32_BIT_CONVERSION = YES;
				GCC_WARN_ABOUT_RETURN_TYPE = YES_ERROR;
				GCC_WARN_UNDECLARED_SELECTOR = YES;
				GCC_WARN_UNINITIALIZED_AUTOS = YES_AGGRESSIVE;
				GCC_WARN_UNUSED_FUNCTION = YES;
				GCC_WARN_UNUSED_VARIABLE = YES;
				IPHONEOS_DEPLOYMENT_TARGET = 14.5;
				MTL_ENABLE_DEBUG_INFO = INCLUDE_SOURCE;
				MTL_FAST_MATH = YES;
				ONLY_ACTIVE_ARCH = YES;
				SDKROOT = iphoneos;
				SWIFT_ACTIVE_COMPILATION_CONDITIONS = DEBUG;
				SWIFT_OPTIMIZATION_LEVEL = "-Onone";
			};
			name = Debug;
		};
		6A23817826DC29AE0034760D /* Release */ = {
			isa = XCBuildConfiguration;
			buildSettings = {
				ALWAYS_SEARCH_USER_PATHS = NO;
				CLANG_ANALYZER_NONNULL = YES;
				CLANG_ANALYZER_NUMBER_OBJECT_CONVERSION = YES_AGGRESSIVE;
				CLANG_CXX_LANGUAGE_STANDARD = "gnu++14";
				CLANG_CXX_LIBRARY = "libc++";
				CLANG_ENABLE_MODULES = YES;
				CLANG_ENABLE_OBJC_ARC = YES;
				CLANG_ENABLE_OBJC_WEAK = YES;
				CLANG_WARN_BLOCK_CAPTURE_AUTORELEASING = YES;
				CLANG_WARN_BOOL_CONVERSION = YES;
				CLANG_WARN_COMMA = YES;
				CLANG_WARN_CONSTANT_CONVERSION = YES;
				CLANG_WARN_DEPRECATED_OBJC_IMPLEMENTATIONS = YES;
				CLANG_WARN_DIRECT_OBJC_ISA_USAGE = YES_ERROR;
				CLANG_WARN_DOCUMENTATION_COMMENTS = YES;
				CLANG_WARN_EMPTY_BODY = YES;
				CLANG_WARN_ENUM_CONVERSION = YES;
				CLANG_WARN_INFINITE_RECURSION = YES;
				CLANG_WARN_INT_CONVERSION = YES;
				CLANG_WARN_NON_LITERAL_NULL_CONVERSION = YES;
				CLANG_WARN_OBJC_IMPLICIT_RETAIN_SELF = YES;
				CLANG_WARN_OBJC_LITERAL_CONVERSION = YES;
				CLANG_WARN_OBJC_ROOT_CLASS = YES_ERROR;
				CLANG_WARN_QUOTED_INCLUDE_IN_FRAMEWORK_HEADER = YES;
				CLANG_WARN_RANGE_LOOP_ANALYSIS = YES;
				CLANG_WARN_STRICT_PROTOTYPES = YES;
				CLANG_WARN_SUSPICIOUS_MOVE = YES;
				CLANG_WARN_UNGUARDED_AVAILABILITY = YES_AGGRESSIVE;
				CLANG_WARN_UNREACHABLE_CODE = YES;
				CLANG_WARN__DUPLICATE_METHOD_MATCH = YES;
				COPY_PHASE_STRIP = NO;
				DEBUG_INFORMATION_FORMAT = "dwarf-with-dsym";
				ENABLE_NS_ASSERTIONS = NO;
				ENABLE_STRICT_OBJC_MSGSEND = YES;
				GCC_C_LANGUAGE_STANDARD = gnu11;
				GCC_NO_COMMON_BLOCKS = YES;
				GCC_WARN_64_TO_32_BIT_CONVERSION = YES;
				GCC_WARN_ABOUT_RETURN_TYPE = YES_ERROR;
				GCC_WARN_UNDECLARED_SELECTOR = YES;
				GCC_WARN_UNINITIALIZED_AUTOS = YES_AGGRESSIVE;
				GCC_WARN_UNUSED_FUNCTION = YES;
				GCC_WARN_UNUSED_VARIABLE = YES;
				IPHONEOS_DEPLOYMENT_TARGET = 14.5;
				MTL_ENABLE_DEBUG_INFO = NO;
				MTL_FAST_MATH = YES;
				SDKROOT = iphoneos;
				SWIFT_COMPILATION_MODE = wholemodule;
				SWIFT_OPTIMIZATION_LEVEL = "-O";
				VALIDATE_PRODUCT = YES;
			};
			name = Release;
		};
		6A23817A26DC29AE0034760D /* Debug */ = {
			isa = XCBuildConfiguration;
			buildSettings = {
				ASSETCATALOG_COMPILER_APPICON_NAME = AppIcon;
				ASSETCATALOG_COMPILER_GLOBAL_ACCENT_COLOR_NAME = AccentColor;
				CODE_SIGN_STYLE = Automatic;
				INFOPLIST_FILE = TrackListSongs/Info.plist;
				LD_RUNPATH_SEARCH_PATHS = (
					"$(inherited)",
					"@executable_path/Frameworks",
				);
				PRODUCT_BUNDLE_IDENTIFIER = Galatea.TrackListSongs;
				PRODUCT_NAME = "$(TARGET_NAME)";
				SWIFT_VERSION = 5.0;
				TARGETED_DEVICE_FAMILY = "1,2";
			};
			name = Debug;
		};
		6A23817B26DC29AE0034760D /* Release */ = {
			isa = XCBuildConfiguration;
			buildSettings = {
				ASSETCATALOG_COMPILER_APPICON_NAME = AppIcon;
				ASSETCATALOG_COMPILER_GLOBAL_ACCENT_COLOR_NAME = AccentColor;
				CODE_SIGN_STYLE = Automatic;
				INFOPLIST_FILE = TrackListSongs/Info.plist;
				LD_RUNPATH_SEARCH_PATHS = (
					"$(inherited)",
					"@executable_path/Frameworks",
				);
				PRODUCT_BUNDLE_IDENTIFIER = Galatea.TrackListSongs;
				PRODUCT_NAME = "$(TARGET_NAME)";
				SWIFT_VERSION = 5.0;
				TARGETED_DEVICE_FAMILY = "1,2";
			};
			name = Release;
		};
/* End XCBuildConfiguration section */

/* Begin XCConfigurationList section */
		6A23816026DC29AD0034760D /* Build configuration list for PBXProject "TrackListSongs" */ = {
			isa = XCConfigurationList;
			buildConfigurations = (
				6A23817726DC29AE0034760D /* Debug */,
				6A23817826DC29AE0034760D /* Release */,
			);
			defaultConfigurationIsVisible = 0;
			defaultConfigurationName = Release;
		};
		6A23817926DC29AE0034760D /* Build configuration list for PBXNativeTarget "TrackListSongs" */ = {
			isa = XCConfigurationList;
			buildConfigurations = (
				6A23817A26DC29AE0034760D /* Debug */,
				6A23817B26DC29AE0034760D /* Release */,
			);
			defaultConfigurationIsVisible = 0;
			defaultConfigurationName = Release;
		};
/* End XCConfigurationList section */
	};
	rootObject = 6A23815D26DC29AD0034760D /* Project object */;
}
